
Microsoft Visual Studio Solution File, Format Version 12.00
# Visual Studio 14
VisualStudioVersion = 14.0.25420.1
MinimumVisualStudioVersion = 10.0.40219.1
Project("{FAE04EC0-301F-11D3-BF4B-00C04F79EFBC}") = "C3706", "C3706\C3706.csproj", "{B8E72085-FBD9-4F98-8788-163BA46384F9}"
EndProject
Project("{FAE04EC0-301F-11D3-BF4B-00C04F79EFBC}") = "System.ToolKit", "System.ToolKit\System.ToolKit.csproj", "{EF59B053-6939-4338-BB28-6CC2030BC0E1}"
EndProject
Project("{2150E333-8FDC-42A3-9474-1A3956D46DE8}") = "System.Motion", "System.Motion", "{CCD2EEBA-B95B-4E98-A1B4-A5BD5269E341}"
EndProject
Project("{FAE04EC0-301F-11D3-BF4B-00C04F79EFBC}") = "System.Tray", "System.Motion\Tray\System.Tray.csproj", "{E1772E47-415B-44E2-8E2F-3CC4B5F2A039}"
EndProject
Project("{FAE04EC0-301F-11D3-BF4B-00C04F79EFBC}") = "System.AdvantechAps", "System.Motion\AdvantechAps\System.AdvantechAps.csproj", "{4E5618BE-0EE1-4760-B939-893A31EFDF8F}"
EndProject
Project("{FAE04EC0-301F-11D3-BF4B-00C04F79EFBC}") = "System.AdvantechDash", "System.Motion\AdvantechDash\System.AdvantechDash.csproj", "{16D0B02C-7859-44AA-B07D-705BF8F22B8C}"
EndProject
Project("{FAE04EC0-301F-11D3-BF4B-00C04F79EFBC}") = "System.Enginee", "System.Motion\Enginee\System.Enginee.csproj", "{BF2FB01D-3D28-42F1-907E-7DE72433784F}"
EndProject
Project("{FAE04EC0-301F-11D3-BF4B-00C04F79EFBC}") = "System.Interfaces", "System.Motion\Interfaces\System.Interfaces.csproj", "{E87BBF52-F612-40BB-AD3D-D6A20FD635B1}"
EndProject
Project("{FAE04EC0-301F-11D3-BF4B-00C04F79EFBC}") = "System.Framework", "System.Framework\System.Framework.csproj", "{0B820A86-52F7-4453-8334-5EF6B726E646}"
EndProject
Project("{FAE04EC0-301F-11D3-BF4B-00C04F79EFBC}") = "System.Device", "System.Device\System.Device.csproj", "{EEC0ED61-1D8A-4160-A45A-00268172BEC9}"
EndProject
Project("{FAE04EC0-301F-11D3-BF4B-00C04F79EFBC}") = "System.Database", "System.Database\System.Database.csproj", "{C54A1140-3F51-450A-A813-B556679934A8}"
EndProject
Project("{FAE04EC0-301F-11D3-BF4B-00C04F79EFBC}") = "ZMCMotion", "ZMCMotion\ZMCMotion.csproj", "{D2F43289-DFE2-45C8-BDE0-EF05FC4564AE}"
EndProject
Global
	GlobalSection(SolutionConfigurationPlatforms) = preSolution
		Debug|Any CPU = Debug|Any CPU
		Debug|x64 = Debug|x64
		Debug|x86 = Debug|x86
		Release|Any CPU = Release|Any CPU
		Release|x64 = Release|x64
		Release|x86 = Release|x86
	EndGlobalSection
	GlobalSection(ProjectConfigurationPlatforms) = postSolution
		{B8E72085-FBD9-4F98-8788-163BA46384F9}.Debug|Any CPU.ActiveCfg = Debug|Any CPU
		{B8E72085-FBD9-4F98-8788-163BA46384F9}.Debug|Any CPU.Build.0 = Debug|Any CPU
		{B8E72085-FBD9-4F98-8788-163BA46384F9}.Debug|x64.ActiveCfg = Debug|x64
		{B8E72085-FBD9-4F98-8788-163BA46384F9}.Debug|x64.Build.0 = Debug|x64
		{B8E72085-FBD9-4F98-8788-163BA46384F9}.Debug|x86.ActiveCfg = Debug|x86
		{B8E72085-FBD9-4F98-8788-163BA46384F9}.Debug|x86.Build.0 = Debug|x86
		{B8E72085-FBD9-4F98-8788-163BA46384F9}.Release|Any CPU.ActiveCfg = Release|Any CPU
		{B8E72085-FBD9-4F98-8788-163BA46384F9}.Release|Any CPU.Build.0 = Release|Any CPU
		{B8E72085-FBD9-4F98-8788-163BA46384F9}.Release|x64.ActiveCfg = Release|x64
		{B8E72085-FBD9-4F98-8788-163BA46384F9}.Release|x64.Build.0 = Release|x64
		{B8E72085-FBD9-4F98-8788-163BA46384F9}.Release|x86.ActiveCfg = Release|x86
		{B8E72085-FBD9-4F98-8788-163BA46384F9}.Release|x86.Build.0 = Release|x86
		{EF59B053-6939-4338-BB28-6CC2030BC0E1}.Debug|Any CPU.ActiveCfg = Debug|Any CPU
		{EF59B053-6939-4338-BB28-6CC2030BC0E1}.Debug|Any CPU.Build.0 = Debug|Any CPU
		{EF59B053-6939-4338-BB28-6CC2030BC0E1}.Debug|x64.ActiveCfg = Debug|Any CPU
		{EF59B053-6939-4338-BB28-6CC2030BC0E1}.Debug|x64.Build.0 = Debug|Any CPU
		{EF59B053-6939-4338-BB28-6CC2030BC0E1}.Debug|x86.ActiveCfg = Debug|Any CPU
		{EF59B053-6939-4338-BB28-6CC2030BC0E1}.Debug|x86.Build.0 = Debug|Any CPU
		{EF59B053-6939-4338-BB28-6CC2030BC0E1}.Release|Any CPU.ActiveCfg = Release|Any CPU
		{EF59B053-6939-4338-BB28-6CC2030BC0E1}.Release|Any CPU.Build.0 = Release|Any CPU
		{EF59B053-6939-4338-BB28-6CC2030BC0E1}.Release|x64.ActiveCfg = Release|Any CPU
		{EF59B053-6939-4338-BB28-6CC2030BC0E1}.Release|x64.Build.0 = Release|Any CPU
		{EF59B053-6939-4338-BB28-6CC2030BC0E1}.Release|x86.ActiveCfg = Release|Any CPU
		{EF59B053-6939-4338-BB28-6CC2030BC0E1}.Release|x86.Build.0 = Release|Any CPU
		{E1772E47-415B-44E2-8E2F-3CC4B5F2A039}.Debug|Any CPU.ActiveCfg = Debug|Any CPU
		{E1772E47-415B-44E2-8E2F-3CC4B5F2A039}.Debug|Any CPU.Build.0 = Debug|Any CPU
		{E1772E47-415B-44E2-8E2F-3CC4B5F2A039}.Debug|x64.ActiveCfg = Debug|Any CPU
		{E1772E47-415B-44E2-8E2F-3CC4B5F2A039}.Debug|x64.Build.0 = Debug|Any CPU
		{E1772E47-415B-44E2-8E2F-3CC4B5F2A039}.Debug|x86.ActiveCfg = Debug|Any CPU
		{E1772E47-415B-44E2-8E2F-3CC4B5F2A039}.Debug|x86.Build.0 = Debug|Any CPU
		{E1772E47-415B-44E2-8E2F-3CC4B5F2A039}.Release|Any CPU.ActiveCfg = Release|Any CPU
		{E1772E47-415B-44E2-8E2F-3CC4B5F2A039}.Release|Any CPU.Build.0 = Release|Any CPU
		{E1772E47-415B-44E2-8E2F-3CC4B5F2A039}.Release|x64.ActiveCfg = Release|Any CPU
		{E1772E47-415B-44E2-8E2F-3CC4B5F2A039}.Release|x64.Build.0 = Release|Any CPU
		{E1772E47-415B-44E2-8E2F-3CC4B5F2A039}.Release|x86.ActiveCfg = Release|Any CPU
		{E1772E47-415B-44E2-8E2F-3CC4B5F2A039}.Release|x86.Build.0 = Release|Any CPU
		{4E5618BE-0EE1-4760-B939-893A31EFDF8F}.Debug|Any CPU.ActiveCfg = Debug|Any CPU
		{4E5618BE-0EE1-4760-B939-893A31EFDF8F}.Debug|Any CPU.Build.0 = Debug|Any CPU
		{4E5618BE-0EE1-4760-B939-893A31EFDF8F}.Debug|x64.ActiveCfg = Debug|Any CPU
		{4E5618BE-0EE1-4760-B939-893A31EFDF8F}.Debug|x64.Build.0 = Debug|Any CPU
		{4E5618BE-0EE1-4760-B939-893A31EFDF8F}.Debug|x86.ActiveCfg = Debug|Any CPU
		{4E5618BE-0EE1-4760-B939-893A31EFDF8F}.Debug|x86.Build.0 = Debug|Any CPU
		{4E5618BE-0EE1-4760-B939-893A31EFDF8F}.Release|Any CPU.ActiveCfg = Release|Any CPU
		{4E5618BE-0EE1-4760-B939-893A31EFDF8F}.Release|Any CPU.Build.0 = Release|Any CPU
		{4E5618BE-0EE1-4760-B939-893A31EFDF8F}.Release|x64.ActiveCfg = Release|Any CPU
		{4E5618BE-0EE1-4760-B939-893A31EFDF8F}.Release|x64.Build.0 = Release|Any CPU
		{4E5618BE-0EE1-4760-B939-893A31EFDF8F}.Release|x86.ActiveCfg = Release|Any CPU
		{4E5618BE-0EE1-4760-B939-893A31EFDF8F}.Release|x86.Build.0 = Release|Any CPU
		{16D0B02C-7859-44AA-B07D-705BF8F22B8C}.Debug|Any CPU.ActiveCfg = Debug|Any CPU
		{16D0B02C-7859-44AA-B07D-705BF8F22B8C}.Debug|Any CPU.Build.0 = Debug|Any CPU
		{16D0B02C-7859-44AA-B07D-705BF8F22B8C}.Debug|x64.ActiveCfg = Debug|Any CPU
		{16D0B02C-7859-44AA-B07D-705BF8F22B8C}.Debug|x64.Build.0 = Debug|Any CPU
		{16D0B02C-7859-44AA-B07D-705BF8F22B8C}.Debug|x86.ActiveCfg = Debug|Any CPU
		{16D0B02C-7859-44AA-B07D-705BF8F22B8C}.Debug|x86.Build.0 = Debug|Any CPU
		{16D0B02C-7859-44AA-B07D-705BF8F22B8C}.Release|Any CPU.ActiveCfg = Release|Any CPU
		{16D0B02C-7859-44AA-B07D-705BF8F22B8C}.Release|Any CPU.Build.0 = Release|Any CPU
		{16D0B02C-7859-44AA-B07D-705BF8F22B8C}.Release|x64.ActiveCfg = Release|Any CPU
		{16D0B02C-7859-44AA-B07D-705BF8F22B8C}.Release|x64.Build.0 = Release|Any CPU
		{16D0B02C-7859-44AA-B07D-705BF8F22B8C}.Release|x86.ActiveCfg = Release|Any CPU
		{16D0B02C-7859-44AA-B07D-705BF8F22B8C}.Release|x86.Build.0 = Release|Any CPU
		{BF2FB01D-3D28-42F1-907E-7DE72433784F}.Debug|Any CPU.ActiveCfg = Debug|Any CPU
		{BF2FB01D-3D28-42F1-907E-7DE72433784F}.Debug|Any CPU.Build.0 = Debug|Any CPU
		{BF2FB01D-3D28-42F1-907E-7DE72433784F}.Debug|x64.ActiveCfg = Debug|Any CPU
		{BF2FB01D-3D28-42F1-907E-7DE72433784F}.Debug|x64.Build.0 = Debug|Any CPU
		{BF2FB01D-3D28-42F1-907E-7DE72433784F}.Debug|x86.ActiveCfg = Debug|Any CPU
		{BF2FB01D-3D28-42F1-907E-7DE72433784F}.Debug|x86.Build.0 = Debug|Any CPU
		{BF2FB01D-3D28-42F1-907E-7DE72433784F}.Release|Any CPU.ActiveCfg = Release|Any CPU
		{BF2FB01D-3D28-42F1-907E-7DE72433784F}.Release|Any CPU.Build.0 = Release|Any CPU
		{BF2FB01D-3D28-42F1-907E-7DE72433784F}.Release|x64.ActiveCfg = Release|Any CPU
		{BF2FB01D-3D28-42F1-907E-7DE72433784F}.Release|x64.Build.0 = Release|Any CPU
		{BF2FB01D-3D28-42F1-907E-7DE72433784F}.Release|x86.ActiveCfg = Release|Any CPU
		{BF2FB01D-3D28-42F1-907E-7DE72433784F}.Release|x86.Build.0 = Release|Any CPU
		{E87BBF52-F612-40BB-AD3D-D6A20FD635B1}.Debug|Any CPU.ActiveCfg = Debug|Any CPU
		{E87BBF52-F612-40BB-AD3D-D6A20FD635B1}.Debug|Any CPU.Build.0 = Debug|Any CPU
		{E87BBF52-F612-40BB-AD3D-D6A20FD635B1}.Debug|x64.ActiveCfg = Debug|Any CPU
		{E87BBF52-F612-40BB-AD3D-D6A20FD635B1}.Debug|x64.Build.0 = Debug|Any CPU
		{E87BBF52-F612-40BB-AD3D-D6A20FD635B1}.Debug|x86.ActiveCfg = Debug|Any CPU
		{E87BBF52-F612-40BB-AD3D-D6A20FD635B1}.Debug|x86.Build.0 = Debug|Any CPU
		{E87BBF52-F612-40BB-AD3D-D6A20FD635B1}.Release|Any CPU.ActiveCfg = Release|Any CPU
		{E87BBF52-F612-40BB-AD3D-D6A20FD635B1}.Release|Any CPU.Build.0 = Release|Any CPU
		{E87BBF52-F612-40BB-AD3D-D6A20FD635B1}.Release|x64.ActiveCfg = Release|Any CPU
		{E87BBF52-F612-40BB-AD3D-D6A20FD635B1}.Release|x64.Build.0 = Release|Any CPU
		{E87BBF52-F612-40BB-AD3D-D6A20FD635B1}.Release|x86.ActiveCfg = Release|Any CPU
		{E87BBF52-F612-40BB-AD3D-D6A20FD635B1}.Release|x86.Build.0 = Release|Any CPU
		{0B820A86-52F7-4453-8334-5EF6B726E646}.Debug|Any CPU.ActiveCfg = Debug|Any CPU
		{0B820A86-52F7-4453-8334-5EF6B726E646}.Debug|Any CPU.Build.0 = Debug|Any CPU
		{0B820A86-52F7-4453-8334-5EF6B726E646}.Debug|x64.ActiveCfg = Debug|Any CPU
		{0B820A86-52F7-4453-8334-5EF6B726E646}.Debug|x64.Build.0 = Debug|Any CPU
		{0B820A86-52F7-4453-8334-5EF6B726E646}.Debug|x86.ActiveCfg = Debug|Any CPU
		{0B820A86-52F7-4453-8334-5EF6B726E646}.Debug|x86.Build.0 = Debug|Any CPU
		{0B820A86-52F7-4453-8334-5EF6B726E646}.Release|Any CPU.ActiveCfg = Release|Any CPU
		{0B820A86-52F7-4453-8334-5EF6B726E646}.Release|Any CPU.Build.0 = Release|Any CPU
		{0B820A86-52F7-4453-8334-5EF6B726E646}.Release|x64.ActiveCfg = Release|Any CPU
		{0B820A86-52F7-4453-8334-5EF6B726E646}.Release|x64.Build.0 = Release|Any CPU
		{0B820A86-52F7-4453-8334-5EF6B726E646}.Release|x86.ActiveCfg = Release|Any CPU
		{0B820A86-52F7-4453-8334-5EF6B726E646}.Release|x86.Build.0 = Release|Any CPU
		{EEC0ED61-1D8A-4160-A45A-00268172BEC9}.Debug|Any CPU.ActiveCfg = Debug|Any CPU
		{EEC0ED61-1D8A-4160-A45A-00268172BEC9}.Debug|Any CPU.Build.0 = Debug|Any CPU
		{EEC0ED61-1D8A-4160-A45A-00268172BEC9}.Debug|x64.ActiveCfg = Debug|Any CPU
		{EEC0ED61-1D8A-4160-A45A-00268172BEC9}.Debug|x64.Build.0 = Debug|Any CPU
		{EEC0ED61-1D8A-4160-A45A-00268172BEC9}.Debug|x86.ActiveCfg = Debug|Any CPU
		{EEC0ED61-1D8A-4160-A45A-00268172BEC9}.Debug|x86.Build.0 = Debug|Any CPU
		{EEC0ED61-1D8A-4160-A45A-00268172BEC9}.Release|Any CPU.ActiveCfg = Release|Any CPU
		{EEC0ED61-1D8A-4160-A45A-00268172BEC9}.Release|Any CPU.Build.0 = Release|Any CPU
		{EEC0ED61-1D8A-4160-A45A-00268172BEC9}.Release|x64.ActiveCfg = Release|Any CPU
		{EEC0ED61-1D8A-4160-A45A-00268172BEC9}.Release|x64.Build.0 = Release|Any CPU
		{EEC0ED61-1D8A-4160-A45A-00268172BEC9}.Release|x86.ActiveCfg = Release|Any CPU
		{EEC0ED61-1D8A-4160-A45A-00268172BEC9}.Release|x86.Build.0 = Release|Any CPU
		{C54A1140-3F51-450A-A813-B556679934A8}.Debug|Any CPU.ActiveCfg = Debug|Any CPU
		{C54A1140-3F51-450A-A813-B556679934A8}.Debug|Any CPU.Build.0 = Debug|Any CPU
		{C54A1140-3F51-450A-A813-B556679934A8}.Debug|x64.ActiveCfg = Debug|Any CPU
		{C54A1140-3F51-450A-A813-B556679934A8}.Debug|x64.Build.0 = Debug|Any CPU
		{C54A1140-3F51-450A-A813-B556679934A8}.Debug|x86.ActiveCfg = Debug|Any CPU
		{C54A1140-3F51-450A-A813-B556679934A8}.Debug|x86.Build.0 = Debug|Any CPU
		{C54A1140-3F51-450A-A813-B556679934A8}.Release|Any CPU.ActiveCfg = Release|Any CPU
		{C54A1140-3F51-450A-A813-B556679934A8}.Release|Any CPU.Build.0 = Release|Any CPU
		{C54A1140-3F51-450A-A813-B556679934A8}.Release|x64.ActiveCfg = Release|Any CPU
		{C54A1140-3F51-450A-A813-B556679934A8}.Release|x64.Build.0 = Release|Any CPU
		{C54A1140-3F51-450A-A813-B556679934A8}.Release|x86.ActiveCfg = Release|Any CPU
		{C54A1140-3F51-450A-A813-B556679934A8}.Release|x86.Build.0 = Release|Any CPU
		{D2F43289-DFE2-45C8-BDE0-EF05FC4564AE}.Debug|Any CPU.ActiveCfg = Debug|Any CPU
		{D2F43289-DFE2-45C8-BDE0-EF05FC4564AE}.Debug|Any CPU.Build.0 = Debug|Any CPU
		{D2F43289-DFE2-45C8-BDE0-EF05FC4564AE}.Debug|x64.ActiveCfg = Debug|Any CPU
		{D2F43289-DFE2-45C8-BDE0-EF05FC4564AE}.Debug|x64.Build.0 = Debug|Any CPU
		{D2F43289-DFE2-45C8-BDE0-EF05FC4564AE}.Debug|x86.ActiveCfg = Debug|Any CPU
		{D2F43289-DFE2-45C8-BDE0-EF05FC4564AE}.Debug|x86.Build.0 = Debug|Any CPU
		{D2F43289-DFE2-45C8-BDE0-EF05FC4564AE}.Release|Any CPU.ActiveCfg = Release|Any CPU
		{D2F43289-DFE2-45C8-BDE0-EF05FC4564AE}.Release|Any CPU.Build.0 = Release|Any CPU
		{D2F43289-DFE2-45C8-BDE0-EF05FC4564AE}.Release|x64.ActiveCfg = Release|Any CPU
		{D2F43289-DFE2-45C8-BDE0-EF05FC4564AE}.Release|x64.Build.0 = Release|Any CPU
		{D2F43289-DFE2-45C8-BDE0-EF05FC4564AE}.Release|x86.ActiveCfg = Release|Any CPU
		{D2F43289-DFE2-45C8-BDE0-EF05FC4564AE}.Release|x86.Build.0 = Release|Any CPU
	EndGlobalSection
	GlobalSection(SolutionProperties) = preSolution
		HideSolutionNode = FALSE
	EndGlobalSection
	GlobalSection(NestedProjects) = preSolution
		{E1772E47-415B-44E2-8E2F-3CC4B5F2A039} = {CCD2EEBA-B95B-4E98-A1B4-A5BD5269E341}
		{4E5618BE-0EE1-4760-B939-893A31EFDF8F} = {CCD2EEBA-B95B-4E98-A1B4-A5BD5269E341}
		{16D0B02C-7859-44AA-B07D-705BF8F22B8C} = {CCD2EEBA-B95B-4E98-A1B4-A5BD5269E341}
		{BF2FB01D-3D28-42F1-907E-7DE72433784F} = {CCD2EEBA-B95B-4E98-A1B4-A5BD5269E341}
		{E87BBF52-F612-40BB-AD3D-D6A20FD635B1} = {CCD2EEBA-B95B-4E98-A1B4-A5BD5269E341}
	EndGlobalSection
EndGlobal
